// !$*UTF8*$!
{
	archiveVersion = 1;
	classes = {
	};
	objectVersion = 56;
	objects = {

/* Begin PBXBuildFile section */
		AD22942529FE527D009D8A78 /* Demo0404App.swift in Sources */ = {isa = PBXBuildFile; fileRef = AD22942429FE527D009D8A78 /* Demo0404App.swift */; };
		AD22942729FE527D009D8A78 /* ContentView.swift in Sources */ = {isa = PBXBuildFile; fileRef = AD22942629FE527D009D8A78 /* ContentView.swift */; };
		AD22942929FE527E009D8A78 /* Assets.xcassets in Resources */ = {isa = PBXBuildFile; fileRef = AD22942829FE527E009D8A78 /* Assets.xcassets */; };
		AD22942C29FE527E009D8A78 /* Preview Assets.xcassets in Resources */ = {isa = PBXBuildFile; fileRef = AD22942B29FE527E009D8A78 /* Preview Assets.xcassets */; };
		AD22945029FE52C2009D8A78 /* FirebaseAnalytics in Frameworks */ = {isa = PBXBuildFile; productRef = AD22944F29FE52C2009D8A78 /* FirebaseAnalytics */; };
		AD22945229FE52C2009D8A78 /* FirebaseAnalyticsSwift in Frameworks */ = {isa = PBXBuildFile; productRef = AD22945129FE52C2009D8A78 /* FirebaseAnalyticsSwift */; };
		AD22945429FE52C2009D8A78 /* FirebaseAuth in Frameworks */ = {isa = PBXBuildFile; productRef = AD22945329FE52C2009D8A78 /* FirebaseAuth */; };
		AD22945629FE52C2009D8A78 /* FirebaseDatabase in Frameworks */ = {isa = PBXBuildFile; productRef = AD22945529FE52C2009D8A78 /* FirebaseDatabase */; };
		AD22945829FE52C2009D8A78 /* FirebaseDatabaseSwift in Frameworks */ = {isa = PBXBuildFile; productRef = AD22945729FE52C2009D8A78 /* FirebaseDatabaseSwift */; };
		AD22945A29FE52C2009D8A78 /* FirebaseFirestore in Frameworks */ = {isa = PBXBuildFile; productRef = AD22945929FE52C2009D8A78 /* FirebaseFirestore */; };
		AD22945C29FE52C2009D8A78 /* FirebaseFirestoreSwift in Frameworks */ = {isa = PBXBuildFile; productRef = AD22945B29FE52C2009D8A78 /* FirebaseFirestoreSwift */; };
		AD22945E29FE52C2009D8A78 /* FirebaseStorage in Frameworks */ = {isa = PBXBuildFile; productRef = AD22945D29FE52C2009D8A78 /* FirebaseStorage */; };
		AD22946029FE52E9009D8A78 /* AuthViewModel.swift in Sources */ = {isa = PBXBuildFile; fileRef = AD22945F29FE52E9009D8A78 /* AuthViewModel.swift */; };
		AD22946229FE5302009D8A78 /* User.swift in Sources */ = {isa = PBXBuildFile; fileRef = AD22946129FE5302009D8A78 /* User.swift */; };
		AD22946429FE5317009D8A78 /* ConnectPartnerView.swift in Sources */ = {isa = PBXBuildFile; fileRef = AD22946329FE5317009D8A78 /* ConnectPartnerView.swift */; };
		AD22946629FE5339009D8A78 /* UploadImageView.swift in Sources */ = {isa = PBXBuildFile; fileRef = AD22946529FE5339009D8A78 /* UploadImageView.swift */; };
		AD22946829FE53B2009D8A78 /* GoogleService-Info.plist in Resources */ = {isa = PBXBuildFile; fileRef = AD22946729FE53B2009D8A78 /* GoogleService-Info.plist */; };
		AD9423692A00EFE00009678C /* WidgetViewModel.swift in Sources */ = {isa = PBXBuildFile; fileRef = AD9423682A00EFE00009678C /* WidgetViewModel.swift */; };
		AD94236C2A00F1270009678C /* ImageUploader.swift in Sources */ = {isa = PBXBuildFile; fileRef = AD94236B2A00F1270009678C /* ImageUploader.swift */; };
		AD9423742A00F43F0009678C /* WidgetKit.framework in Frameworks */ = {isa = PBXBuildFile; fileRef = AD9423732A00F43F0009678C /* WidgetKit.framework */; };
		AD9423762A00F43F0009678C /* SwiftUI.framework in Frameworks */ = {isa = PBXBuildFile; fileRef = AD9423752A00F43F0009678C /* SwiftUI.framework */; };
		AD9423792A00F43F0009678C /* WidgetYomangBundle.swift in Sources */ = {isa = PBXBuildFile; fileRef = AD9423782A00F43F0009678C /* WidgetYomangBundle.swift */; };
		AD94237B2A00F43F0009678C /* WidgetYomangLiveActivity.swift in Sources */ = {isa = PBXBuildFile; fileRef = AD94237A2A00F43F0009678C /* WidgetYomangLiveActivity.swift */; };
		AD94237D2A00F43F0009678C /* WidgetYomang.swift in Sources */ = {isa = PBXBuildFile; fileRef = AD94237C2A00F43F0009678C /* WidgetYomang.swift */; };
		AD94237F2A00F4400009678C /* Assets.xcassets in Resources */ = {isa = PBXBuildFile; fileRef = AD94237E2A00F4400009678C /* Assets.xcassets */; };
		AD9423832A00F4400009678C /* WidgetYomangExtension.appex in Embed Foundation Extensions */ = {isa = PBXBuildFile; fileRef = AD9423712A00F43F0009678C /* WidgetYomangExtension.appex */; settings = {ATTRIBUTES = (RemoveHeadersOnCopy, ); }; };
		AD94238A2A00F5600009678C /* Kingfisher in Frameworks */ = {isa = PBXBuildFile; productRef = AD9423892A00F5600009678C /* Kingfisher */; };
		AD9423962A0102E80009678C /* UserDefaults.swift in Sources */ = {isa = PBXBuildFile; fileRef = AD9423952A0102E80009678C /* UserDefaults.swift */; };
/* End PBXBuildFile section */

/* Begin PBXContainerItemProxy section */
		AD22943229FE527E009D8A78 /* PBXContainerItemProxy */ = {
			isa = PBXContainerItemProxy;
			containerPortal = AD22941929FE527D009D8A78 /* Project object */;
			proxyType = 1;
			remoteGlobalIDString = AD22942029FE527D009D8A78;
			remoteInfo = Demo0404;
		};
		AD22943C29FE527E009D8A78 /* PBXContainerItemProxy */ = {
			isa = PBXContainerItemProxy;
			containerPortal = AD22941929FE527D009D8A78 /* Project object */;
			proxyType = 1;
			remoteGlobalIDString = AD22942029FE527D009D8A78;
			remoteInfo = Demo0404;
		};
		AD9423812A00F4400009678C /* PBXContainerItemProxy */ = {
			isa = PBXContainerItemProxy;
			containerPortal = AD22941929FE527D009D8A78 /* Project object */;
			proxyType = 1;
			remoteGlobalIDString = AD9423702A00F43F0009678C;
			remoteInfo = WidgetYomangExtension;
		};
/* End PBXContainerItemProxy section */

/* Begin PBXCopyFilesBuildPhase section */
		AD9423872A00F4400009678C /* Embed Foundation Extensions */ = {
			isa = PBXCopyFilesBuildPhase;
			buildActionMask = 2147483647;
			dstPath = "";
			dstSubfolderSpec = 13;
			files = (
				AD9423832A00F4400009678C /* WidgetYomangExtension.appex in Embed Foundation Extensions */,
			);
			name = "Embed Foundation Extensions";
			runOnlyForDeploymentPostprocessing = 0;
		};
/* End PBXCopyFilesBuildPhase section */

/* Begin PBXFileReference section */
		AD22942129FE527D009D8A78 /* Demo0404.app */ = {isa = PBXFileReference; explicitFileType = wrapper.application; includeInIndex = 0; path = Demo0404.app; sourceTree = BUILT_PRODUCTS_DIR; };
		AD22942429FE527D009D8A78 /* Demo0404App.swift */ = {isa = PBXFileReference; lastKnownFileType = sourcecode.swift; path = Demo0404App.swift; sourceTree = "<group>"; };
		AD22942629FE527D009D8A78 /* ContentView.swift */ = {isa = PBXFileReference; lastKnownFileType = sourcecode.swift; path = ContentView.swift; sourceTree = "<group>"; };
		AD22942829FE527E009D8A78 /* Assets.xcassets */ = {isa = PBXFileReference; lastKnownFileType = folder.assetcatalog; path = Assets.xcassets; sourceTree = "<group>"; };
		AD22942B29FE527E009D8A78 /* Preview Assets.xcassets */ = {isa = PBXFileReference; lastKnownFileType = folder.assetcatalog; path = "Preview Assets.xcassets"; sourceTree = "<group>"; };
		AD22943129FE527E009D8A78 /* Demo0404Tests.xctest */ = {isa = PBXFileReference; explicitFileType = wrapper.cfbundle; includeInIndex = 0; path = Demo0404Tests.xctest; sourceTree = BUILT_PRODUCTS_DIR; };
		AD22943B29FE527E009D8A78 /* Demo0404UITests.xctest */ = {isa = PBXFileReference; explicitFileType = wrapper.cfbundle; includeInIndex = 0; path = Demo0404UITests.xctest; sourceTree = BUILT_PRODUCTS_DIR; };
		AD22945F29FE52E9009D8A78 /* AuthViewModel.swift */ = {isa = PBXFileReference; lastKnownFileType = sourcecode.swift; path = AuthViewModel.swift; sourceTree = "<group>"; };
		AD22946129FE5302009D8A78 /* User.swift */ = {isa = PBXFileReference; lastKnownFileType = sourcecode.swift; path = User.swift; sourceTree = "<group>"; };
		AD22946329FE5317009D8A78 /* ConnectPartnerView.swift */ = {isa = PBXFileReference; lastKnownFileType = sourcecode.swift; path = ConnectPartnerView.swift; sourceTree = "<group>"; };
		AD22946529FE5339009D8A78 /* UploadImageView.swift */ = {isa = PBXFileReference; lastKnownFileType = sourcecode.swift; path = UploadImageView.swift; sourceTree = "<group>"; };
		AD22946729FE53B2009D8A78 /* GoogleService-Info.plist */ = {isa = PBXFileReference; fileEncoding = 4; lastKnownFileType = text.plist.xml; path = "GoogleService-Info.plist"; sourceTree = "<group>"; };
		AD9423682A00EFE00009678C /* WidgetViewModel.swift */ = {isa = PBXFileReference; lastKnownFileType = sourcecode.swift; path = WidgetViewModel.swift; sourceTree = "<group>"; };
		AD94236B2A00F1270009678C /* ImageUploader.swift */ = {isa = PBXFileReference; lastKnownFileType = sourcecode.swift; path = ImageUploader.swift; sourceTree = "<group>"; };
		AD9423712A00F43F0009678C /* WidgetYomangExtension.appex */ = {isa = PBXFileReference; explicitFileType = "wrapper.app-extension"; includeInIndex = 0; path = WidgetYomangExtension.appex; sourceTree = BUILT_PRODUCTS_DIR; };
		AD9423732A00F43F0009678C /* WidgetKit.framework */ = {isa = PBXFileReference; lastKnownFileType = wrapper.framework; name = WidgetKit.framework; path = System/Library/Frameworks/WidgetKit.framework; sourceTree = SDKROOT; };
		AD9423752A00F43F0009678C /* SwiftUI.framework */ = {isa = PBXFileReference; lastKnownFileType = wrapper.framework; name = SwiftUI.framework; path = System/Library/Frameworks/SwiftUI.framework; sourceTree = SDKROOT; };
		AD9423782A00F43F0009678C /* WidgetYomangBundle.swift */ = {isa = PBXFileReference; lastKnownFileType = sourcecode.swift; path = WidgetYomangBundle.swift; sourceTree = "<group>"; };
		AD94237A2A00F43F0009678C /* WidgetYomangLiveActivity.swift */ = {isa = PBXFileReference; lastKnownFileType = sourcecode.swift; path = WidgetYomangLiveActivity.swift; sourceTree = "<group>"; };
		AD94237C2A00F43F0009678C /* WidgetYomang.swift */ = {isa = PBXFileReference; lastKnownFileType = sourcecode.swift; path = WidgetYomang.swift; sourceTree = "<group>"; };
		AD94237E2A00F4400009678C /* Assets.xcassets */ = {isa = PBXFileReference; lastKnownFileType = folder.assetcatalog; path = Assets.xcassets; sourceTree = "<group>"; };
		AD9423802A00F4400009678C /* Info.plist */ = {isa = PBXFileReference; lastKnownFileType = text.plist.xml; path = Info.plist; sourceTree = "<group>"; };
		AD9423912A00FB670009678C /* Demo0404.entitlements */ = {isa = PBXFileReference; lastKnownFileType = text.plist.entitlements; path = Demo0404.entitlements; sourceTree = "<group>"; };
		AD9423922A00FC8D0009678C /* WidgetYomangExtension.entitlements */ = {isa = PBXFileReference; lastKnownFileType = text.plist.entitlements; path = WidgetYomangExtension.entitlements; sourceTree = "<group>"; };
		AD9423952A0102E80009678C /* UserDefaults.swift */ = {isa = PBXFileReference; lastKnownFileType = sourcecode.swift; path = UserDefaults.swift; sourceTree = "<group>"; };
/* End PBXFileReference section */

/* Begin PBXFrameworksBuildPhase section */
		AD22941E29FE527D009D8A78 /* Frameworks */ = {
			isa = PBXFrameworksBuildPhase;
			buildActionMask = 2147483647;
			files = (
				AD22945829FE52C2009D8A78 /* FirebaseDatabaseSwift in Frameworks */,
				AD22945229FE52C2009D8A78 /* FirebaseAnalyticsSwift in Frameworks */,
				AD22945429FE52C2009D8A78 /* FirebaseAuth in Frameworks */,
				AD94238A2A00F5600009678C /* Kingfisher in Frameworks */,
				AD22945C29FE52C2009D8A78 /* FirebaseFirestoreSwift in Frameworks */,
				AD22945629FE52C2009D8A78 /* FirebaseDatabase in Frameworks */,
				AD22945E29FE52C2009D8A78 /* FirebaseStorage in Frameworks */,
				AD22945029FE52C2009D8A78 /* FirebaseAnalytics in Frameworks */,
				AD22945A29FE52C2009D8A78 /* FirebaseFirestore in Frameworks */,
			);
			runOnlyForDeploymentPostprocessing = 0;
		};
		AD22942E29FE527E009D8A78 /* Frameworks */ = {
			isa = PBXFrameworksBuildPhase;
			buildActionMask = 2147483647;
			files = (
			);
			runOnlyForDeploymentPostprocessing = 0;
		};
		AD22943829FE527E009D8A78 /* Frameworks */ = {
			isa = PBXFrameworksBuildPhase;
			buildActionMask = 2147483647;
			files = (
			);
			runOnlyForDeploymentPostprocessing = 0;
		};
		AD94236E2A00F43F0009678C /* Frameworks */ = {
			isa = PBXFrameworksBuildPhase;
			buildActionMask = 2147483647;
			files = (
				AD9423762A00F43F0009678C /* SwiftUI.framework in Frameworks */,
				AD9423742A00F43F0009678C /* WidgetKit.framework in Frameworks */,
			);
			runOnlyForDeploymentPostprocessing = 0;
		};
/* End PBXFrameworksBuildPhase section */

/* Begin PBXGroup section */
		AD22941829FE527D009D8A78 = {
			isa = PBXGroup;
			children = (
				AD9423922A00FC8D0009678C /* WidgetYomangExtension.entitlements */,
				AD22942329FE527D009D8A78 /* Demo0404 */,
				AD9423772A00F43F0009678C /* WidgetYomang */,
				AD9423722A00F43F0009678C /* Frameworks */,
				AD22942229FE527D009D8A78 /* Products */,
			);
			sourceTree = "<group>";
		};
		AD22942229FE527D009D8A78 /* Products */ = {
			isa = PBXGroup;
			children = (
				AD22942129FE527D009D8A78 /* Demo0404.app */,
				AD22943129FE527E009D8A78 /* Demo0404Tests.xctest */,
				AD22943B29FE527E009D8A78 /* Demo0404UITests.xctest */,
				AD9423712A00F43F0009678C /* WidgetYomangExtension.appex */,
			);
			name = Products;
			sourceTree = "<group>";
		};
		AD22942329FE527D009D8A78 /* Demo0404 */ = {
			isa = PBXGroup;
			children = (
				ADC016A32A024A1100EB025B /* API */,
				AD9423912A00FB670009678C /* Demo0404.entitlements */,
				AD22942429FE527D009D8A78 /* Demo0404App.swift */,
				AD22946729FE53B2009D8A78 /* GoogleService-Info.plist */,
				AD22946B29FE5421009D8A78 /* ViewModel */,
				AD22946A29FE541C009D8A78 /* Model */,
				AD22946929FE5414009D8A78 /* View */,
				AD22942829FE527E009D8A78 /* Assets.xcassets */,
				AD22942A29FE527E009D8A78 /* Preview Content */,
			);
			path = Demo0404;
			sourceTree = "<group>";
		};
		AD22942A29FE527E009D8A78 /* Preview Content */ = {
			isa = PBXGroup;
			children = (
				AD22942B29FE527E009D8A78 /* Preview Assets.xcassets */,
			);
			path = "Preview Content";
			sourceTree = "<group>";
		};
		AD22946929FE5414009D8A78 /* View */ = {
			isa = PBXGroup;
			children = (
				AD22946329FE5317009D8A78 /* ConnectPartnerView.swift */,
				AD22946529FE5339009D8A78 /* UploadImageView.swift */,
				AD22942629FE527D009D8A78 /* ContentView.swift */,
			);
			path = View;
			sourceTree = "<group>";
		};
		AD22946A29FE541C009D8A78 /* Model */ = {
			isa = PBXGroup;
			children = (
				AD22946129FE5302009D8A78 /* User.swift */,
			);
			path = Model;
			sourceTree = "<group>";
		};
		AD22946B29FE5421009D8A78 /* ViewModel */ = {
			isa = PBXGroup;
			children = (
				AD22945F29FE52E9009D8A78 /* AuthViewModel.swift */,
				AD9423682A00EFE00009678C /* WidgetViewModel.swift */,
			);
			path = ViewModel;
			sourceTree = "<group>";
		};
		AD9423722A00F43F0009678C /* Frameworks */ = {
			isa = PBXGroup;
			children = (
				AD9423732A00F43F0009678C /* WidgetKit.framework */,
				AD9423752A00F43F0009678C /* SwiftUI.framework */,
			);
			name = Frameworks;
			sourceTree = "<group>";
		};
		AD9423772A00F43F0009678C /* WidgetYomang */ = {
			isa = PBXGroup;
			children = (
				AD9423782A00F43F0009678C /* WidgetYomangBundle.swift */,
				AD94237A2A00F43F0009678C /* WidgetYomangLiveActivity.swift */,
				AD94237C2A00F43F0009678C /* WidgetYomang.swift */,
				AD94237E2A00F4400009678C /* Assets.xcassets */,
				AD9423802A00F4400009678C /* Info.plist */,
			);
			path = WidgetYomang;
			sourceTree = "<group>";
		};
		ADC016A32A024A1100EB025B /* API */ = {
			isa = PBXGroup;
			children = (
				AD94236B2A00F1270009678C /* ImageUploader.swift */,
				AD9423952A0102E80009678C /* UserDefaults.swift */,
			);
			path = API;
			sourceTree = "<group>";
		};
/* End PBXGroup section */

/* Begin PBXNativeTarget section */
		AD22942029FE527D009D8A78 /* Demo0404 */ = {
			isa = PBXNativeTarget;
			buildConfigurationList = AD22944529FE527E009D8A78 /* Build configuration list for PBXNativeTarget "Demo0404" */;
			buildPhases = (
				AD22941D29FE527D009D8A78 /* Sources */,
				AD22941E29FE527D009D8A78 /* Frameworks */,
				AD22941F29FE527D009D8A78 /* Resources */,
				AD9423872A00F4400009678C /* Embed Foundation Extensions */,
			);
			buildRules = (
			);
			dependencies = (
				AD9423822A00F4400009678C /* PBXTargetDependency */,
			);
			name = Demo0404;
			packageProductDependencies = (
				AD22944F29FE52C2009D8A78 /* FirebaseAnalytics */,
				AD22945129FE52C2009D8A78 /* FirebaseAnalyticsSwift */,
				AD22945329FE52C2009D8A78 /* FirebaseAuth */,
				AD22945529FE52C2009D8A78 /* FirebaseDatabase */,
				AD22945729FE52C2009D8A78 /* FirebaseDatabaseSwift */,
				AD22945929FE52C2009D8A78 /* FirebaseFirestore */,
				AD22945B29FE52C2009D8A78 /* FirebaseFirestoreSwift */,
				AD22945D29FE52C2009D8A78 /* FirebaseStorage */,
				AD9423892A00F5600009678C /* Kingfisher */,
			);
			productName = Demo0404;
			productReference = AD22942129FE527D009D8A78 /* Demo0404.app */;
			productType = "com.apple.product-type.application";
		};
		AD22943029FE527E009D8A78 /* Demo0404Tests */ = {
			isa = PBXNativeTarget;
			buildConfigurationList = AD22944829FE527E009D8A78 /* Build configuration list for PBXNativeTarget "Demo0404Tests" */;
			buildPhases = (
				AD22942D29FE527E009D8A78 /* Sources */,
				AD22942E29FE527E009D8A78 /* Frameworks */,
				AD22942F29FE527E009D8A78 /* Resources */,
			);
			buildRules = (
			);
			dependencies = (
				AD22943329FE527E009D8A78 /* PBXTargetDependency */,
			);
			name = Demo0404Tests;
			productName = Demo0404Tests;
			productReference = AD22943129FE527E009D8A78 /* Demo0404Tests.xctest */;
			productType = "com.apple.product-type.bundle.unit-test";
		};
		AD22943A29FE527E009D8A78 /* Demo0404UITests */ = {
			isa = PBXNativeTarget;
			buildConfigurationList = AD22944B29FE527E009D8A78 /* Build configuration list for PBXNativeTarget "Demo0404UITests" */;
			buildPhases = (
				AD22943729FE527E009D8A78 /* Sources */,
				AD22943829FE527E009D8A78 /* Frameworks */,
				AD22943929FE527E009D8A78 /* Resources */,
			);
			buildRules = (
			);
			dependencies = (
				AD22943D29FE527E009D8A78 /* PBXTargetDependency */,
			);
			name = Demo0404UITests;
			productName = Demo0404UITests;
			productReference = AD22943B29FE527E009D8A78 /* Demo0404UITests.xctest */;
			productType = "com.apple.product-type.bundle.ui-testing";
		};
		AD9423702A00F43F0009678C /* WidgetYomangExtension */ = {
			isa = PBXNativeTarget;
			buildConfigurationList = AD9423842A00F4400009678C /* Build configuration list for PBXNativeTarget "WidgetYomangExtension" */;
			buildPhases = (
				AD94236D2A00F43F0009678C /* Sources */,
				AD94236E2A00F43F0009678C /* Frameworks */,
				AD94236F2A00F43F0009678C /* Resources */,
			);
			buildRules = (
			);
			dependencies = (
			);
			name = WidgetYomangExtension;
			productName = WidgetYomangExtension;
			productReference = AD9423712A00F43F0009678C /* WidgetYomangExtension.appex */;
			productType = "com.apple.product-type.app-extension";
		};
/* End PBXNativeTarget section */

/* Begin PBXProject section */
		AD22941929FE527D009D8A78 /* Project object */ = {
			isa = PBXProject;
			attributes = {
				BuildIndependentTargetsInParallel = 1;
				LastSwiftUpdateCheck = 1420;
				LastUpgradeCheck = 1420;
				TargetAttributes = {
					AD22942029FE527D009D8A78 = {
						CreatedOnToolsVersion = 14.2;
					};
					AD22943029FE527E009D8A78 = {
						CreatedOnToolsVersion = 14.2;
						TestTargetID = AD22942029FE527D009D8A78;
					};
					AD22943A29FE527E009D8A78 = {
						CreatedOnToolsVersion = 14.2;
						TestTargetID = AD22942029FE527D009D8A78;
					};
					AD9423702A00F43F0009678C = {
						CreatedOnToolsVersion = 14.2;
					};
				};
			};
			buildConfigurationList = AD22941C29FE527D009D8A78 /* Build configuration list for PBXProject "Demo0404" */;
			compatibilityVersion = "Xcode 14.0";
			developmentRegion = en;
			hasScannedForEncodings = 0;
			knownRegions = (
				en,
				Base,
			);
			mainGroup = AD22941829FE527D009D8A78;
			packageReferences = (
				AD22944E29FE52C2009D8A78 /* XCRemoteSwiftPackageReference "firebase-ios-sdk" */,
				AD9423882A00F5600009678C /* XCRemoteSwiftPackageReference "Kingfisher" */,
			);
			productRefGroup = AD22942229FE527D009D8A78 /* Products */;
			projectDirPath = "";
			projectRoot = "";
			targets = (
				AD22942029FE527D009D8A78 /* Demo0404 */,
				AD22943029FE527E009D8A78 /* Demo0404Tests */,
				AD22943A29FE527E009D8A78 /* Demo0404UITests */,
				AD9423702A00F43F0009678C /* WidgetYomangExtension */,
			);
		};
/* End PBXProject section */

/* Begin PBXResourcesBuildPhase section */
		AD22941F29FE527D009D8A78 /* Resources */ = {
			isa = PBXResourcesBuildPhase;
			buildActionMask = 2147483647;
			files = (
				AD22942C29FE527E009D8A78 /* Preview Assets.xcassets in Resources */,
				AD22942929FE527E009D8A78 /* Assets.xcassets in Resources */,
				AD22946829FE53B2009D8A78 /* GoogleService-Info.plist in Resources */,
			);
			runOnlyForDeploymentPostprocessing = 0;
		};
		AD22942F29FE527E009D8A78 /* Resources */ = {
			isa = PBXResourcesBuildPhase;
			buildActionMask = 2147483647;
			files = (
			);
			runOnlyForDeploymentPostprocessing = 0;
		};
		AD22943929FE527E009D8A78 /* Resources */ = {
			isa = PBXResourcesBuildPhase;
			buildActionMask = 2147483647;
			files = (
			);
			runOnlyForDeploymentPostprocessing = 0;
		};
		AD94236F2A00F43F0009678C /* Resources */ = {
			isa = PBXResourcesBuildPhase;
			buildActionMask = 2147483647;
			files = (
				AD94237F2A00F4400009678C /* Assets.xcassets in Resources */,
			);
			runOnlyForDeploymentPostprocessing = 0;
		};
/* End PBXResourcesBuildPhase section */

/* Begin PBXSourcesBuildPhase section */
		AD22941D29FE527D009D8A78 /* Sources */ = {
			isa = PBXSourcesBuildPhase;
			buildActionMask = 2147483647;
			files = (
				AD22946229FE5302009D8A78 /* User.swift in Sources */,
				AD22946429FE5317009D8A78 /* ConnectPartnerView.swift in Sources */,
				AD22942729FE527D009D8A78 /* ContentView.swift in Sources */,
				AD22942529FE527D009D8A78 /* Demo0404App.swift in Sources */,
				AD9423692A00EFE00009678C /* WidgetViewModel.swift in Sources */,
				AD9423962A0102E80009678C /* UserDefaults.swift in Sources */,
				AD94236C2A00F1270009678C /* ImageUploader.swift in Sources */,
				AD22946029FE52E9009D8A78 /* AuthViewModel.swift in Sources */,
				AD22946629FE5339009D8A78 /* UploadImageView.swift in Sources */,
			);
			runOnlyForDeploymentPostprocessing = 0;
		};
		AD22942D29FE527E009D8A78 /* Sources */ = {
			isa = PBXSourcesBuildPhase;
			buildActionMask = 2147483647;
			files = (
			);
			runOnlyForDeploymentPostprocessing = 0;
		};
		AD22943729FE527E009D8A78 /* Sources */ = {
			isa = PBXSourcesBuildPhase;
			buildActionMask = 2147483647;
			files = (
			);
			runOnlyForDeploymentPostprocessing = 0;
		};
		AD94236D2A00F43F0009678C /* Sources */ = {
			isa = PBXSourcesBuildPhase;
			buildActionMask = 2147483647;
			files = (
				AD9423792A00F43F0009678C /* WidgetYomangBundle.swift in Sources */,
				AD94237D2A00F43F0009678C /* WidgetYomang.swift in Sources */,
				AD94237B2A00F43F0009678C /* WidgetYomangLiveActivity.swift in Sources */,
			);
			runOnlyForDeploymentPostprocessing = 0;
		};
/* End PBXSourcesBuildPhase section */

/* Begin PBXTargetDependency section */
		AD22943329FE527E009D8A78 /* PBXTargetDependency */ = {
			isa = PBXTargetDependency;
			target = AD22942029FE527D009D8A78 /* Demo0404 */;
			targetProxy = AD22943229FE527E009D8A78 /* PBXContainerItemProxy */;
		};
		AD22943D29FE527E009D8A78 /* PBXTargetDependency */ = {
			isa = PBXTargetDependency;
			target = AD22942029FE527D009D8A78 /* Demo0404 */;
			targetProxy = AD22943C29FE527E009D8A78 /* PBXContainerItemProxy */;
		};
		AD9423822A00F4400009678C /* PBXTargetDependency */ = {
			isa = PBXTargetDependency;
			target = AD9423702A00F43F0009678C /* WidgetYomangExtension */;
			targetProxy = AD9423812A00F4400009678C /* PBXContainerItemProxy */;
		};
/* End PBXTargetDependency section */

/* Begin XCBuildConfiguration section */
		AD22944329FE527E009D8A78 /* Debug */ = {
			isa = XCBuildConfiguration;
			buildSettings = {
				ALWAYS_SEARCH_USER_PATHS = NO;
				CLANG_ANALYZER_NONNULL = YES;
				CLANG_ANALYZER_NUMBER_OBJECT_CONVERSION = YES_AGGRESSIVE;
				CLANG_CXX_LANGUAGE_STANDARD = "gnu++20";
				CLANG_ENABLE_MODULES = YES;
				CLANG_ENABLE_OBJC_ARC = YES;
				CLANG_ENABLE_OBJC_WEAK = YES;
				CLANG_WARN_BLOCK_CAPTURE_AUTORELEASING = YES;
				CLANG_WARN_BOOL_CONVERSION = YES;
				CLANG_WARN_COMMA = YES;
				CLANG_WARN_CONSTANT_CONVERSION = YES;
				CLANG_WARN_DEPRECATED_OBJC_IMPLEMENTATIONS = YES;
				CLANG_WARN_DIRECT_OBJC_ISA_USAGE = YES_ERROR;
				CLANG_WARN_DOCUMENTATION_COMMENTS = YES;
				CLANG_WARN_EMPTY_BODY = YES;
				CLANG_WARN_ENUM_CONVERSION = YES;
				CLANG_WARN_INFINITE_RECURSION = YES;
				CLANG_WARN_INT_CONVERSION = YES;
				CLANG_WARN_NON_LITERAL_NULL_CONVERSION = YES;
				CLANG_WARN_OBJC_IMPLICIT_RETAIN_SELF = YES;
				CLANG_WARN_OBJC_LITERAL_CONVERSION = YES;
				CLANG_WARN_OBJC_ROOT_CLASS = YES_ERROR;
				CLANG_WARN_QUOTED_INCLUDE_IN_FRAMEWORK_HEADER = YES;
				CLANG_WARN_RANGE_LOOP_ANALYSIS = YES;
				CLANG_WARN_STRICT_PROTOTYPES = YES;
				CLANG_WARN_SUSPICIOUS_MOVE = YES;
				CLANG_WARN_UNGUARDED_AVAILABILITY = YES_AGGRESSIVE;
				CLANG_WARN_UNREACHABLE_CODE = YES;
				CLANG_WARN__DUPLICATE_METHOD_MATCH = YES;
				COPY_PHASE_STRIP = NO;
				DEBUG_INFORMATION_FORMAT = dwarf;
				ENABLE_STRICT_OBJC_MSGSEND = YES;
				ENABLE_TESTABILITY = YES;
				GCC_C_LANGUAGE_STANDARD = gnu11;
				GCC_DYNAMIC_NO_PIC = NO;
				GCC_NO_COMMON_BLOCKS = YES;
				GCC_OPTIMIZATION_LEVEL = 0;
				GCC_PREPROCESSOR_DEFINITIONS = (
					"DEBUG=1",
					"$(inherited)",
				);
				GCC_WARN_64_TO_32_BIT_CONVERSION = YES;
				GCC_WARN_ABOUT_RETURN_TYPE = YES_ERROR;
				GCC_WARN_UNDECLARED_SELECTOR = YES;
				GCC_WARN_UNINITIALIZED_AUTOS = YES_AGGRESSIVE;
				GCC_WARN_UNUSED_FUNCTION = YES;
				GCC_WARN_UNUSED_VARIABLE = YES;
				IPHONEOS_DEPLOYMENT_TARGET = 16.2;
				MTL_ENABLE_DEBUG_INFO = INCLUDE_SOURCE;
				MTL_FAST_MATH = YES;
				ONLY_ACTIVE_ARCH = YES;
				SDKROOT = iphoneos;
				SWIFT_ACTIVE_COMPILATION_CONDITIONS = DEBUG;
				SWIFT_OPTIMIZATION_LEVEL = "-Onone";
			};
			name = Debug;
		};
		AD22944429FE527E009D8A78 /* Release */ = {
			isa = XCBuildConfiguration;
			buildSettings = {
				ALWAYS_SEARCH_USER_PATHS = NO;
				CLANG_ANALYZER_NONNULL = YES;
				CLANG_ANALYZER_NUMBER_OBJECT_CONVERSION = YES_AGGRESSIVE;
				CLANG_CXX_LANGUAGE_STANDARD = "gnu++20";
				CLANG_ENABLE_MODULES = YES;
				CLANG_ENABLE_OBJC_ARC = YES;
				CLANG_ENABLE_OBJC_WEAK = YES;
				CLANG_WARN_BLOCK_CAPTURE_AUTORELEASING = YES;
				CLANG_WARN_BOOL_CONVERSION = YES;
				CLANG_WARN_COMMA = YES;
				CLANG_WARN_CONSTANT_CONVERSION = YES;
				CLANG_WARN_DEPRECATED_OBJC_IMPLEMENTATIONS = YES;
				CLANG_WARN_DIRECT_OBJC_ISA_USAGE = YES_ERROR;
				CLANG_WARN_DOCUMENTATION_COMMENTS = YES;
				CLANG_WARN_EMPTY_BODY = YES;
				CLANG_WARN_ENUM_CONVERSION = YES;
				CLANG_WARN_INFINITE_RECURSION = YES;
				CLANG_WARN_INT_CONVERSION = YES;
				CLANG_WARN_NON_LITERAL_NULL_CONVERSION = YES;
				CLANG_WARN_OBJC_IMPLICIT_RETAIN_SELF = YES;
				CLANG_WARN_OBJC_LITERAL_CONVERSION = YES;
				CLANG_WARN_OBJC_ROOT_CLASS = YES_ERROR;
				CLANG_WARN_QUOTED_INCLUDE_IN_FRAMEWORK_HEADER = YES;
				CLANG_WARN_RANGE_LOOP_ANALYSIS = YES;
				CLANG_WARN_STRICT_PROTOTYPES = YES;
				CLANG_WARN_SUSPICIOUS_MOVE = YES;
				CLANG_WARN_UNGUARDED_AVAILABILITY = YES_AGGRESSIVE;
				CLANG_WARN_UNREACHABLE_CODE = YES;
				CLANG_WARN__DUPLICATE_METHOD_MATCH = YES;
				COPY_PHASE_STRIP = NO;
				DEBUG_INFORMATION_FORMAT = "dwarf-with-dsym";
				ENABLE_NS_ASSERTIONS = NO;
				ENABLE_STRICT_OBJC_MSGSEND = YES;
				GCC_C_LANGUAGE_STANDARD = gnu11;
				GCC_NO_COMMON_BLOCKS = YES;
				GCC_WARN_64_TO_32_BIT_CONVERSION = YES;
				GCC_WARN_ABOUT_RETURN_TYPE = YES_ERROR;
				GCC_WARN_UNDECLARED_SELECTOR = YES;
				GCC_WARN_UNINITIALIZED_AUTOS = YES_AGGRESSIVE;
				GCC_WARN_UNUSED_FUNCTION = YES;
				GCC_WARN_UNUSED_VARIABLE = YES;
				IPHONEOS_DEPLOYMENT_TARGET = 16.2;
				MTL_ENABLE_DEBUG_INFO = NO;
				MTL_FAST_MATH = YES;
				SDKROOT = iphoneos;
				SWIFT_COMPILATION_MODE = wholemodule;
				SWIFT_OPTIMIZATION_LEVEL = "-O";
				VALIDATE_PRODUCT = YES;
			};
			name = Release;
		};
		AD22944629FE527E009D8A78 /* Debug */ = {
			isa = XCBuildConfiguration;
			buildSettings = {
				ALWAYS_EMBED_SWIFT_STANDARD_LIBRARIES = YES;
				ASSETCATALOG_COMPILER_APPICON_NAME = AppIcon;
				ASSETCATALOG_COMPILER_GLOBAL_ACCENT_COLOR_NAME = AccentColor;
				CODE_SIGN_ENTITLEMENTS = Demo0404/Demo0404.entitlements;
				CODE_SIGN_STYLE = Automatic;
				CURRENT_PROJECT_VERSION = 1;
				DEVELOPMENT_ASSET_PATHS = "\"Demo0404/Preview Content\"";
				DEVELOPMENT_TEAM = 7D5PZJWQ9T;
				ENABLE_PREVIEWS = YES;
				GENERATE_INFOPLIST_FILE = YES;
				INFOPLIST_KEY_UIApplicationSceneManifest_Generation = YES;
				INFOPLIST_KEY_UIApplicationSupportsIndirectInputEvents = YES;
				INFOPLIST_KEY_UILaunchScreen_Generation = YES;
				INFOPLIST_KEY_UISupportedInterfaceOrientations_iPad = "UIInterfaceOrientationPortrait UIInterfaceOrientationPortraitUpsideDown UIInterfaceOrientationLandscapeLeft UIInterfaceOrientationLandscapeRight";
				INFOPLIST_KEY_UISupportedInterfaceOrientations_iPhone = "UIInterfaceOrientationPortrait UIInterfaceOrientationLandscapeLeft UIInterfaceOrientationLandscapeRight";
				LD_RUNPATH_SEARCH_PATHS = (
					"$(inherited)",
					"@executable_path/Frameworks",
				);
				MARKETING_VERSION = 1.0;
				PRODUCT_BUNDLE_IDENTIFIER = pos.academy.Demo0404;
				PRODUCT_NAME = "$(TARGET_NAME)";
				SWIFT_EMIT_LOC_STRINGS = YES;
				SWIFT_VERSION = 5.0;
				TARGETED_DEVICE_FAMILY = "1,2";
			};
			name = Debug;
		};
		AD22944729FE527E009D8A78 /* Release */ = {
			isa = XCBuildConfiguration;
			buildSettings = {
				ALWAYS_EMBED_SWIFT_STANDARD_LIBRARIES = YES;
				ASSETCATALOG_COMPILER_APPICON_NAME = AppIcon;
				ASSETCATALOG_COMPILER_GLOBAL_ACCENT_COLOR_NAME = AccentColor;
				CODE_SIGN_ENTITLEMENTS = Demo0404/Demo0404.entitlements;
				CODE_SIGN_STYLE = Automatic;
				CURRENT_PROJECT_VERSION = 1;
				DEVELOPMENT_ASSET_PATHS = "\"Demo0404/Preview Content\"";
				DEVELOPMENT_TEAM = 7D5PZJWQ9T;
				ENABLE_PREVIEWS = YES;
				GENERATE_INFOPLIST_FILE = YES;
				INFOPLIST_KEY_UIApplicationSceneManifest_Generation = YES;
				INFOPLIST_KEY_UIApplicationSupportsIndirectInputEvents = YES;
				INFOPLIST_KEY_UILaunchScreen_Generation = YES;
				INFOPLIST_KEY_UISupportedInterfaceOrientations_iPad = "UIInterfaceOrientationPortrait UIInterfaceOrientationPortraitUpsideDown UIInterfaceOrientationLandscapeLeft UIInterfaceOrientationLandscapeRight";
				INFOPLIST_KEY_UISupportedInterfaceOrientations_iPhone = "UIInterfaceOrientationPortrait UIInterfaceOrientationLandscapeLeft UIInterfaceOrientationLandscapeRight";
				LD_RUNPATH_SEARCH_PATHS = (
					"$(inherited)",
					"@executable_path/Frameworks",
				);
				MARKETING_VERSION = 1.0;
				PRODUCT_BUNDLE_IDENTIFIER = pos.academy.Demo0404;
				PRODUCT_NAME = "$(TARGET_NAME)";
				SWIFT_EMIT_LOC_STRINGS = YES;
				SWIFT_VERSION = 5.0;
				TARGETED_DEVICE_FAMILY = "1,2";
			};
			name = Release;
		};
		AD22944929FE527E009D8A78 /* Debug */ = {
			isa = XCBuildConfiguration;
			buildSettings = {
				ALWAYS_EMBED_SWIFT_STANDARD_LIBRARIES = YES;
				BUNDLE_LOADER = "$(TEST_HOST)";
				CODE_SIGN_STYLE = Automatic;
				CURRENT_PROJECT_VERSION = 1;
				DEVELOPMENT_TEAM = 7D5PZJWQ9T;
				GENERATE_INFOPLIST_FILE = YES;
				IPHONEOS_DEPLOYMENT_TARGET = 16.2;
				MARKETING_VERSION = 1.0;
				PRODUCT_BUNDLE_IDENTIFIER = pos.academy.Demo0404Tests;
				PRODUCT_NAME = "$(TARGET_NAME)";
				SWIFT_EMIT_LOC_STRINGS = NO;
				SWIFT_VERSION = 5.0;
				TARGETED_DEVICE_FAMILY = "1,2";
				TEST_HOST = "$(BUILT_PRODUCTS_DIR)/Demo0404.app/$(BUNDLE_EXECUTABLE_FOLDER_PATH)/Demo0404";
			};
			name = Debug;
		};
		AD22944A29FE527E009D8A78 /* Release */ = {
			isa = XCBuildConfiguration;
			buildSettings = {
				ALWAYS_EMBED_SWIFT_STANDARD_LIBRARIES = YES;
				BUNDLE_LOADER = "$(TEST_HOST)";
				CODE_SIGN_STYLE = Automatic;
				CURRENT_PROJECT_VERSION = 1;
				DEVELOPMENT_TEAM = 7D5PZJWQ9T;
				GENERATE_INFOPLIST_FILE = YES;
				IPHONEOS_DEPLOYMENT_TARGET = 16.2;
				MARKETING_VERSION = 1.0;
				PRODUCT_BUNDLE_IDENTIFIER = pos.academy.Demo0404Tests;
				PRODUCT_NAME = "$(TARGET_NAME)";
				SWIFT_EMIT_LOC_STRINGS = NO;
				SWIFT_VERSION = 5.0;
				TARGETED_DEVICE_FAMILY = "1,2";
				TEST_HOST = "$(BUILT_PRODUCTS_DIR)/Demo0404.app/$(BUNDLE_EXECUTABLE_FOLDER_PATH)/Demo0404";
			};
			name = Release;
		};
		AD22944C29FE527E009D8A78 /* Debug */ = {
			isa = XCBuildConfiguration;
			buildSettings = {
				ALWAYS_EMBED_SWIFT_STANDARD_LIBRARIES = YES;
				CODE_SIGN_STYLE = Automatic;
				CURRENT_PROJECT_VERSION = 1;
				DEVELOPMENT_TEAM = 7D5PZJWQ9T;
				GENERATE_INFOPLIST_FILE = YES;
				MARKETING_VERSION = 1.0;
				PRODUCT_BUNDLE_IDENTIFIER = pos.academy.Demo0404UITests;
				PRODUCT_NAME = "$(TARGET_NAME)";
				SWIFT_EMIT_LOC_STRINGS = NO;
				SWIFT_VERSION = 5.0;
				TARGETED_DEVICE_FAMILY = "1,2";
				TEST_TARGET_NAME = Demo0404;
			};
			name = Debug;
		};
		AD22944D29FE527E009D8A78 /* Release */ = {
			isa = XCBuildConfiguration;
			buildSettings = {
				ALWAYS_EMBED_SWIFT_STANDARD_LIBRARIES = YES;
				CODE_SIGN_STYLE = Automatic;
				CURRENT_PROJECT_VERSION = 1;
				DEVELOPMENT_TEAM = 7D5PZJWQ9T;
				GENERATE_INFOPLIST_FILE = YES;
				MARKETING_VERSION = 1.0;
				PRODUCT_BUNDLE_IDENTIFIER = pos.academy.Demo0404UITests;
				PRODUCT_NAME = "$(TARGET_NAME)";
				SWIFT_EMIT_LOC_STRINGS = NO;
				SWIFT_VERSION = 5.0;
				TARGETED_DEVICE_FAMILY = "1,2";
				TEST_TARGET_NAME = Demo0404;
			};
			name = Release;
		};
		AD9423852A00F4400009678C /* Debug */ = {
			isa = XCBuildConfiguration;
			buildSettings = {
				ASSETCATALOG_COMPILER_GLOBAL_ACCENT_COLOR_NAME = AccentColor;
				ASSETCATALOG_COMPILER_WIDGET_BACKGROUND_COLOR_NAME = WidgetBackground;
				CODE_SIGN_ENTITLEMENTS = WidgetYomangExtension.entitlements;
				CODE_SIGN_STYLE = Automatic;
				CURRENT_PROJECT_VERSION = 1;
				DEVELOPMENT_TEAM = 7D5PZJWQ9T;
				GENERATE_INFOPLIST_FILE = YES;
				INFOPLIST_FILE = WidgetYomang/Info.plist;
				INFOPLIST_KEY_CFBundleDisplayName = WidgetYomang;
				INFOPLIST_KEY_NSHumanReadableCopyright = "";
				LD_RUNPATH_SEARCH_PATHS = (
					"$(inherited)",
					"@executable_path/Frameworks",
					"@executable_path/../../Frameworks",
				);
				MARKETING_VERSION = 1.0;
				PRODUCT_BUNDLE_IDENTIFIER = pos.academy.Demo0404.WidgetYomang;
				PRODUCT_NAME = "$(TARGET_NAME)";
				SKIP_INSTALL = YES;
				SWIFT_EMIT_LOC_STRINGS = YES;
				SWIFT_VERSION = 5.0;
				TARGETED_DEVICE_FAMILY = "1,2";
			};
			name = Debug;
		};
		AD9423862A00F4400009678C /* Release */ = {
			isa = XCBuildConfiguration;
			buildSettings = {
				ASSETCATALOG_COMPILER_GLOBAL_ACCENT_COLOR_NAME = AccentColor;
				ASSETCATALOG_COMPILER_WIDGET_BACKGROUND_COLOR_NAME = WidgetBackground;
				CODE_SIGN_ENTITLEMENTS = WidgetYomangExtension.entitlements;
				CODE_SIGN_STYLE = Automatic;
				CURRENT_PROJECT_VERSION = 1;
				DEVELOPMENT_TEAM = 7D5PZJWQ9T;
				GENERATE_INFOPLIST_FILE = YES;
				INFOPLIST_FILE = WidgetYomang/Info.plist;
				INFOPLIST_KEY_CFBundleDisplayName = WidgetYomang;
				INFOPLIST_KEY_NSHumanReadableCopyright = "";
				LD_RUNPATH_SEARCH_PATHS = (
					"$(inherited)",
					"@executable_path/Frameworks",
					"@executable_path/../../Frameworks",
				);
				MARKETING_VERSION = 1.0;
				PRODUCT_BUNDLE_IDENTIFIER = pos.academy.Demo0404.WidgetYomang;
				PRODUCT_NAME = "$(TARGET_NAME)";
				SKIP_INSTALL = YES;
				SWIFT_EMIT_LOC_STRINGS = YES;
				SWIFT_VERSION = 5.0;
				TARGETED_DEVICE_FAMILY = "1,2";
			};
			name = Release;
		};
/* End XCBuildConfiguration section */

/* Begin XCConfigurationList section */
		AD22941C29FE527D009D8A78 /* Build configuration list for PBXProject "Demo0404" */ = {
			isa = XCConfigurationList;
			buildConfigurations = (
				AD22944329FE527E009D8A78 /* Debug */,
				AD22944429FE527E009D8A78 /* Release */,
			);
			defaultConfigurationIsVisible = 0;
			defaultConfigurationName = Release;
		};
		AD22944529FE527E009D8A78 /* Build configuration list for PBXNativeTarget "Demo0404" */ = {
			isa = XCConfigurationList;
			buildConfigurations = (
				AD22944629FE527E009D8A78 /* Debug */,
				AD22944729FE527E009D8A78 /* Release */,
			);
			defaultConfigurationIsVisible = 0;
			defaultConfigurationName = Release;
		};
		AD22944829FE527E009D8A78 /* Build configuration list for PBXNativeTarget "Demo0404Tests" */ = {
			isa = XCConfigurationList;
			buildConfigurations = (
				AD22944929FE527E009D8A78 /* Debug */,
				AD22944A29FE527E009D8A78 /* Release */,
			);
			defaultConfigurationIsVisible = 0;
			defaultConfigurationName = Release;
		};
		AD22944B29FE527E009D8A78 /* Build configuration list for PBXNativeTarget "Demo0404UITests" */ = {
			isa = XCConfigurationList;
			buildConfigurations = (
				AD22944C29FE527E009D8A78 /* Debug */,
				AD22944D29FE527E009D8A78 /* Release */,
			);
			defaultConfigurationIsVisible = 0;
			defaultConfigurationName = Release;
		};
		AD9423842A00F4400009678C /* Build configuration list for PBXNativeTarget "WidgetYomangExtension" */ = {
			isa = XCConfigurationList;
			buildConfigurations = (
				AD9423852A00F4400009678C /* Debug */,
				AD9423862A00F4400009678C /* Release */,
			);
			defaultConfigurationIsVisible = 0;
			defaultConfigurationName = Release;
		};
/* End XCConfigurationList section */

/* Begin XCRemoteSwiftPackageReference section */
		AD22944E29FE52C2009D8A78 /* XCRemoteSwiftPackageReference "firebase-ios-sdk" */ = {
			isa = XCRemoteSwiftPackageReference;
			repositoryURL = "https://github.com/firebase/firebase-ios-sdk.git";
			requirement = {
				branch = master;
				kind = branch;
			};
		};
		AD9423882A00F5600009678C /* XCRemoteSwiftPackageReference "Kingfisher" */ = {
			isa = XCRemoteSwiftPackageReference;
			repositoryURL = "https://github.com/onevcat/Kingfisher";
			requirement = {
				branch = master;
				kind = branch;
			};
		};
/* End XCRemoteSwiftPackageReference section */

/* Begin XCSwiftPackageProductDependency section */
		AD22944F29FE52C2009D8A78 /* FirebaseAnalytics */ = {
			isa = XCSwiftPackageProductDependency;
			package = AD22944E29FE52C2009D8A78 /* XCRemoteSwiftPackageReference "firebase-ios-sdk" */;
			productName = FirebaseAnalytics;
		};
		AD22945129FE52C2009D8A78 /* FirebaseAnalyticsSwift */ = {
			isa = XCSwiftPackageProductDependency;
			package = AD22944E29FE52C2009D8A78 /* XCRemoteSwiftPackageReference "firebase-ios-sdk" */;
			productName = FirebaseAnalyticsSwift;
		};
		AD22945329FE52C2009D8A78 /* FirebaseAuth */ = {
			isa = XCSwiftPackageProductDependency;
			package = AD22944E29FE52C2009D8A78 /* XCRemoteSwiftPackageReference "firebase-ios-sdk" */;
			productName = FirebaseAuth;
		};
		AD22945529FE52C2009D8A78 /* FirebaseDatabase */ = {
			isa = XCSwiftPackageProductDependency;
			package = AD22944E29FE52C2009D8A78 /* XCRemoteSwiftPackageReference "firebase-ios-sdk" */;
			productName = FirebaseDatabase;
		};
		AD22945729FE52C2009D8A78 /* FirebaseDatabaseSwift */ = {
			isa = XCSwiftPackageProductDependency;
			package = AD22944E29FE52C2009D8A78 /* XCRemoteSwiftPackageReference "firebase-ios-sdk" */;
			productName = FirebaseDatabaseSwift;
		};
		AD22945929FE52C2009D8A78 /* FirebaseFirestore */ = {
			isa = XCSwiftPackageProductDependency;
			package = AD22944E29FE52C2009D8A78 /* XCRemoteSwiftPackageReference "firebase-ios-sdk" */;
			productName = FirebaseFirestore;
		};
		AD22945B29FE52C2009D8A78 /* FirebaseFirestoreSwift */ = {
			isa = XCSwiftPackageProductDependency;
			package = AD22944E29FE52C2009D8A78 /* XCRemoteSwiftPackageReference "firebase-ios-sdk" */;
			productName = FirebaseFirestoreSwift;
		};
		AD22945D29FE52C2009D8A78 /* FirebaseStorage */ = {
			isa = XCSwiftPackageProductDependency;
			package = AD22944E29FE52C2009D8A78 /* XCRemoteSwiftPackageReference "firebase-ios-sdk" */;
			productName = FirebaseStorage;
		};
		AD9423892A00F5600009678C /* Kingfisher */ = {
			isa = XCSwiftPackageProductDependency;
			package = AD9423882A00F5600009678C /* XCRemoteSwiftPackageReference "Kingfisher" */;
			productName = Kingfisher;
		};
/* End XCSwiftPackageProductDependency section */
	};
	rootObject = AD22941929FE527D009D8A78 /* Project object */;
}
